// !$*UTF8*$!
{
	archiveVersion = 1;
	classes = {
	};
	objectVersion = 55;
	objects = {

/* Begin PBXBuildFile section */
		AB211C282742B46F0078A2C5 /* User.swift in Sources */ = {isa = PBXBuildFile; fileRef = AB211C272742B46F0078A2C5 /* User.swift */; };
		AB211C2A2742B82E0078A2C5 /* WelcomViewController.swift in Sources */ = {isa = PBXBuildFile; fileRef = AB211C292742B82E0078A2C5 /* WelcomViewController.swift */; };
		AB4697E62739AC3400491A78 /* AppDelegate.swift in Sources */ = {isa = PBXBuildFile; fileRef = AB4697E52739AC3400491A78 /* AppDelegate.swift */; };
		AB4697E82739AC3400491A78 /* SceneDelegate.swift in Sources */ = {isa = PBXBuildFile; fileRef = AB4697E72739AC3400491A78 /* SceneDelegate.swift */; };
		AB4697EA2739AC3400491A78 /* ViewController.swift in Sources */ = {isa = PBXBuildFile; fileRef = AB4697E92739AC3400491A78 /* ViewController.swift */; };
		AB4697ED2739AC3400491A78 /* Main.storyboard in Resources */ = {isa = PBXBuildFile; fileRef = AB4697EB2739AC3400491A78 /* Main.storyboard */; };
		AB4697EF2739AC3500491A78 /* Assets.xcassets in Resources */ = {isa = PBXBuildFile; fileRef = AB4697EE2739AC3500491A78 /* Assets.xcassets */; };
		AB4697F22739AC3500491A78 /* LaunchScreen.storyboard in Resources */ = {isa = PBXBuildFile; fileRef = AB4697F02739AC3500491A78 /* LaunchScreen.storyboard */; };
		AB5089BB27479E5D0055DC46 /* UserInfoViewController.swift in Sources */ = {isa = PBXBuildFile; fileRef = AB5089BA27479E5D0055DC46 /* UserInfoViewController.swift */; };
		AB6F2C3F274B776000CC0504 /* ImgViewController.swift in Sources */ = {isa = PBXBuildFile; fileRef = AB6F2C3E274B776000CC0504 /* ImgViewController.swift */; };
/* End PBXBuildFile section */

/* Begin PBXFileReference section */
		AB211C272742B46F0078A2C5 /* User.swift */ = {isa = PBXFileReference; lastKnownFileType = sourcecode.swift; path = User.swift; sourceTree = "<group>"; };
		AB211C292742B82E0078A2C5 /* WelcomViewController.swift */ = {isa = PBXFileReference; lastKnownFileType = sourcecode.swift; path = WelcomViewController.swift; sourceTree = "<group>"; };
		AB4697E22739AC3400491A78 /* HomeWork_2.4.app */ = {isa = PBXFileReference; explicitFileType = wrapper.application; includeInIndex = 0; path = HomeWork_2.4.app; sourceTree = BUILT_PRODUCTS_DIR; };
		AB4697E52739AC3400491A78 /* AppDelegate.swift */ = {isa = PBXFileReference; lastKnownFileType = sourcecode.swift; path = AppDelegate.swift; sourceTree = "<group>"; };
		AB4697E72739AC3400491A78 /* SceneDelegate.swift */ = {isa = PBXFileReference; lastKnownFileType = sourcecode.swift; path = SceneDelegate.swift; sourceTree = "<group>"; };
		AB4697E92739AC3400491A78 /* ViewController.swift */ = {isa = PBXFileReference; lastKnownFileType = sourcecode.swift; path = ViewController.swift; sourceTree = "<group>"; };
		AB4697EC2739AC3400491A78 /* Base */ = {isa = PBXFileReference; lastKnownFileType = file.storyboard; name = Base; path = Base.lproj/Main.storyboard; sourceTree = "<group>"; };
		AB4697EE2739AC3500491A78 /* Assets.xcassets */ = {isa = PBXFileReference; lastKnownFileType = folder.assetcatalog; path = Assets.xcassets; sourceTree = "<group>"; };
		AB4697F12739AC3500491A78 /* Base */ = {isa = PBXFileReference; lastKnownFileType = file.storyboard; name = Base; path = Base.lproj/LaunchScreen.storyboard; sourceTree = "<group>"; };
		AB4697F32739AC3500491A78 /* Info.plist */ = {isa = PBXFileReference; lastKnownFileType = text.plist.xml; path = Info.plist; sourceTree = "<group>"; };
		AB5089BA27479E5D0055DC46 /* UserInfoViewController.swift */ = {isa = PBXFileReference; lastKnownFileType = sourcecode.swift; path = UserInfoViewController.swift; sourceTree = "<group>"; };
		AB6F2C3E274B776000CC0504 /* ImgViewController.swift */ = {isa = PBXFileReference; lastKnownFileType = sourcecode.swift; path = ImgViewController.swift; sourceTree = "<group>"; };
/* End PBXFileReference section */

/* Begin PBXFrameworksBuildPhase section */
		AB4697DF2739AC3400491A78 /* Frameworks */ = {
			isa = PBXFrameworksBuildPhase;
			buildActionMask = 2147483647;
			files = (
			);
			runOnlyForDeploymentPostprocessing = 0;
		};
/* End PBXFrameworksBuildPhase section */

/* Begin PBXGroup section */
		AB4697D92739AC3400491A78 = {
			isa = PBXGroup;
			children = (
				AB4697E42739AC3400491A78 /* HomeWork_2.4 */,
				AB4697E32739AC3400491A78 /* Products */,
			);
			sourceTree = "<group>";
		};
		AB4697E32739AC3400491A78 /* Products */ = {
			isa = PBXGroup;
			children = (
				AB4697E22739AC3400491A78 /* HomeWork_2.4.app */,
			);
			name = Products;
			sourceTree = "<group>";
		};
		AB4697E42739AC3400491A78 /* HomeWork_2.4 */ = {
			isa = PBXGroup;
			children = (
				AB4697F92739AC9500491A78 /* Models */,
				AB4697FD2739ACD500491A78 /* ViewControllers */,
				AB4697FA2739ACA000491A78 /* Storyboards */,
				AB4697FB2739ACB400491A78 /* SupportFiles */,
				AB4697FC2739ACC600491A78 /* Resources */,
			);
			path = HomeWork_2.4;
			sourceTree = "<group>";
		};
		AB4697F92739AC9500491A78 /* Models */ = {
			isa = PBXGroup;
			children = (
				AB211C272742B46F0078A2C5 /* User.swift */,
			);
			path = Models;
			sourceTree = "<group>";
		};
		AB4697FA2739ACA000491A78 /* Storyboards */ = {
			isa = PBXGroup;
			children = (
				AB4697EB2739AC3400491A78 /* Main.storyboard */,
				AB4697F02739AC3500491A78 /* LaunchScreen.storyboard */,
			);
			path = Storyboards;
			sourceTree = "<group>";
		};
		AB4697FB2739ACB400491A78 /* SupportFiles */ = {
			isa = PBXGroup;
			children = (
				AB4697EE2739AC3500491A78 /* Assets.xcassets */,
			);
			path = SupportFiles;
			sourceTree = "<group>";
		};
		AB4697FC2739ACC600491A78 /* Resources */ = {
			isa = PBXGroup;
			children = (
				AB4697E52739AC3400491A78 /* AppDelegate.swift */,
				AB4697E72739AC3400491A78 /* SceneDelegate.swift */,
				AB4697F32739AC3500491A78 /* Info.plist */,
			);
			path = Resources;
			sourceTree = "<group>";
		};
		AB4697FD2739ACD500491A78 /* ViewControllers */ = {
			isa = PBXGroup;
			children = (
				AB4697E92739AC3400491A78 /* ViewController.swift */,
				AB211C292742B82E0078A2C5 /* WelcomViewController.swift */,
				AB5089BA27479E5D0055DC46 /* UserInfoViewController.swift */,
				AB6F2C3E274B776000CC0504 /* ImgViewController.swift */,
			);
			path = ViewControllers;
			sourceTree = "<group>";
		};
/* End PBXGroup section */

/* Begin PBXNativeTarget section */
		AB4697E12739AC3400491A78 /* HomeWork_2.4 */ = {
			isa = PBXNativeTarget;
			buildConfigurationList = AB4697F62739AC3500491A78 /* Build configuration list for PBXNativeTarget "HomeWork_2.4" */;
			buildPhases = (
				AB4697DE2739AC3400491A78 /* Sources */,
				AB4697DF2739AC3400491A78 /* Frameworks */,
				AB4697E02739AC3400491A78 /* Resources */,
			);
			buildRules = (
			);
			dependencies = (
			);
			name = HomeWork_2.4;
			productName = HomeWork_2.4;
			productReference = AB4697E22739AC3400491A78 /* HomeWork_2.4.app */;
			productType = "com.apple.product-type.application";
		};
/* End PBXNativeTarget section */

/* Begin PBXProject section */
		AB4697DA2739AC3400491A78 /* Project object */ = {
			isa = PBXProject;
			attributes = {
				BuildIndependentTargetsInParallel = 1;
				LastSwiftUpdateCheck = 1310;
				LastUpgradeCheck = 1310;
				TargetAttributes = {
					AB4697E12739AC3400491A78 = {
						CreatedOnToolsVersion = 13.1;
					};
				};
			};
			buildConfigurationList = AB4697DD2739AC3400491A78 /* Build configuration list for PBXProject "HomeWork_2.4" */;
			compatibilityVersion = "Xcode 13.0";
			developmentRegion = en;
			hasScannedForEncodings = 0;
			knownRegions = (
				en,
				Base,
			);
			mainGroup = AB4697D92739AC3400491A78;
			productRefGroup = AB4697E32739AC3400491A78 /* Products */;
			projectDirPath = "";
			projectRoot = "";
			targets = (
				AB4697E12739AC3400491A78 /* HomeWork_2.4 */,
			);
		};
/* End PBXProject section */

/* Begin PBXResourcesBuildPhase section */
		AB4697E02739AC3400491A78 /* Resources */ = {
			isa = PBXResourcesBuildPhase;
			buildActionMask = 2147483647;
			files = (
				AB4697F22739AC3500491A78 /* LaunchScreen.storyboard in Resources */,
				AB4697EF2739AC3500491A78 /* Assets.xcassets in Resources */,
				AB4697ED2739AC3400491A78 /* Main.storyboard in Resources */,
			);
			runOnlyForDeploymentPostprocessing = 0;
		};
/* End PBXResourcesBuildPhase section */

/* Begin PBXSourcesBuildPhase section */
		AB4697DE2739AC3400491A78 /* Sources */ = {
			isa = PBXSourcesBuildPhase;
			buildActionMask = 2147483647;
			files = (
				AB211C282742B46F0078A2C5 /* User.swift in Sources */,
				AB6F2C3F274B776000CC0504 /* ImgViewController.swift in Sources */,
				AB5089BB27479E5D0055DC46 /* UserInfoViewController.swift in Sources */,
				AB4697EA2739AC3400491A78 /* ViewController.swift in Sources */,
				AB4697E62739AC3400491A78 /* AppDelegate.swift in Sources */,
				AB4697E82739AC3400491A78 /* SceneDelegate.swift in Sources */,
				AB211C2A2742B82E0078A2C5 /* WelcomViewController.swift in Sources */,
			);
			runOnlyForDeploymentPostprocessing = 0;
		};
/* End PBXSourcesBuildPhase section */

/* Begin PBXVariantGroup section */
		AB4697EB2739AC3400491A78 /* Main.storyboard */ = {
			isa = PBXVariantGroup;
			children = (
				AB4697EC2739AC3400491A78 /* Base */,
			);
			name = Main.storyboard;
			sourceTree = "<group>";
		};
		AB4697F02739AC3500491A78 /* LaunchScreen.storyboard */ = {
			isa = PBXVariantGroup;
			children = (
				AB4697F12739AC3500491A78 /* Base */,
			);
			name = LaunchScreen.storyboard;
			sourceTree = "<group>";
		};
/* End PBXVariantGroup section */

/* Begin XCBuildConfiguration section */
		AB4697F42739AC3500491A78 /* Debug */ = {
			isa = XCBuildConfiguration;
			buildSettings = {
				ALWAYS_SEARCH_USER_PATHS = NO;
				CLANG_ANALYZER_NONNULL = YES;
				CLANG_ANALYZER_NUMBER_OBJECT_CONVERSION = YES_AGGRESSIVE;
				CLANG_CXX_LANGUAGE_STANDARD = "gnu++17";
				CLANG_CXX_LIBRARY = "libc++";
				CLANG_ENABLE_MODULES = YES;
				CLANG_ENABLE_OBJC_ARC = YES;
				CLANG_ENABLE_OBJC_WEAK = YES;
				CLANG_WARN_BLOCK_CAPTURE_AUTORELEASING = YES;
				CLANG_WARN_BOOL_CONVERSION = YES;
				CLANG_WARN_COMMA = YES;
				CLANG_WARN_CONSTANT_CONVERSION = YES;
				CLANG_WARN_DEPRECATED_OBJC_IMPLEMENTATIONS = YES;
				CLANG_WARN_DIRECT_OBJC_ISA_USAGE = YES_ERROR;
				CLANG_WARN_DOCUMENTATION_COMMENTS = YES;
				CLANG_WARN_EMPTY_BODY = YES;
				CLANG_WARN_ENUM_CONVERSION = YES;
				CLANG_WARN_INFINITE_RECURSION = YES;
				CLANG_WARN_INT_CONVERSION = YES;
				CLANG_WARN_NON_LITERAL_NULL_CONVERSION = YES;
				CLANG_WARN_OBJC_IMPLICIT_RETAIN_SELF = YES;
				CLANG_WARN_OBJC_LITERAL_CONVERSION = YES;
				CLANG_WARN_OBJC_ROOT_CLASS = YES_ERROR;
				CLANG_WARN_QUOTED_INCLUDE_IN_FRAMEWORK_HEADER = YES;
				CLANG_WARN_RANGE_LOOP_ANALYSIS = YES;
				CLANG_WARN_STRICT_PROTOTYPES = YES;
				CLANG_WARN_SUSPICIOUS_MOVE = YES;
				CLANG_WARN_UNGUARDED_AVAILABILITY = YES_AGGRESSIVE;
				CLANG_WARN_UNREACHABLE_CODE = YES;
				CLANG_WARN__DUPLICATE_METHOD_MATCH = YES;
				COPY_PHASE_STRIP = NO;
				DEBUG_INFORMATION_FORMAT = dwarf;
				ENABLE_STRICT_OBJC_MSGSEND = YES;
				ENABLE_TESTABILITY = YES;
				GCC_C_LANGUAGE_STANDARD = gnu11;
				GCC_DYNAMIC_NO_PIC = NO;
				GCC_NO_COMMON_BLOCKS = YES;
				GCC_OPTIMIZATION_LEVEL = 0;
				GCC_PREPROCESSOR_DEFINITIONS = (
					"DEBUG=1",
					"$(inherited)",
				);
				GCC_WARN_64_TO_32_BIT_CONVERSION = YES;
				GCC_WARN_ABOUT_RETURN_TYPE = YES_ERROR;
				GCC_WARN_UNDECLARED_SELECTOR = YES;
				GCC_WARN_UNINITIALIZED_AUTOS = YES_AGGRESSIVE;
				GCC_WARN_UNUSED_FUNCTION = YES;
				GCC_WARN_UNUSED_VARIABLE = YES;
				IPHONEOS_DEPLOYMENT_TARGET = 15.0;
				MTL_ENABLE_DEBUG_INFO = INCLUDE_SOURCE;
				MTL_FAST_MATH = YES;
				ONLY_ACTIVE_ARCH = YES;
				SDKROOT = iphoneos;
				SWIFT_ACTIVE_COMPILATION_CONDITIONS = DEBUG;
				SWIFT_OPTIMIZATION_LEVEL = "-Onone";
			};
			name = Debug;
		};
		AB4697F52739AC3500491A78 /* Release */ = {
			isa = XCBuildConfiguration;
			buildSettings = {
				ALWAYS_SEARCH_USER_PATHS = NO;
				CLANG_ANALYZER_NONNULL = YES;
				CLANG_ANALYZER_NUMBER_OBJECT_CONVERSION = YES_AGGRESSIVE;
				CLANG_CXX_LANGUAGE_STANDARD = "gnu++17";
				CLANG_CXX_LIBRARY = "libc++";
				CLANG_ENABLE_MODULES = YES;
				CLANG_ENABLE_OBJC_ARC = YES;
				CLANG_ENABLE_OBJC_WEAK = YES;
				CLANG_WARN_BLOCK_CAPTURE_AUTORELEASING = YES;
				CLANG_WARN_BOOL_CONVERSION = YES;
				CLANG_WARN_COMMA = YES;
				CLANG_WARN_CONSTANT_CONVERSION = YES;
				CLANG_WARN_DEPRECATED_OBJC_IMPLEMENTATIONS = YES;
				CLANG_WARN_DIRECT_OBJC_ISA_USAGE = YES_ERROR;
				CLANG_WARN_DOCUMENTATION_COMMENTS = YES;
				CLANG_WARN_EMPTY_BODY = YES;
				CLANG_WARN_ENUM_CONVERSION = YES;
				CLANG_WARN_INFINITE_RECURSION = YES;
				CLANG_WARN_INT_CONVERSION = YES;
				CLANG_WARN_NON_LITERAL_NULL_CONVERSION = YES;
				CLANG_WARN_OBJC_IMPLICIT_RETAIN_SELF = YES;
				CLANG_WARN_OBJC_LITERAL_CONVERSION = YES;
				CLANG_WARN_OBJC_ROOT_CLASS = YES_ERROR;
				CLANG_WARN_QUOTED_INCLUDE_IN_FRAMEWORK_HEADER = YES;
				CLANG_WARN_RANGE_LOOP_ANALYSIS = YES;
				CLANG_WARN_STRICT_PROTOTYPES = YES;
				CLANG_WARN_SUSPICIOUS_MOVE = YES;
				CLANG_WARN_UNGUARDED_AVAILABILITY = YES_AGGRESSIVE;
				CLANG_WARN_UNREACHABLE_CODE = YES;
				CLANG_WARN__DUPLICATE_METHOD_MATCH = YES;
				COPY_PHASE_STRIP = NO;
				DEBUG_INFORMATION_FORMAT = "dwarf-with-dsym";
				ENABLE_NS_ASSERTIONS = NO;
				ENABLE_STRICT_OBJC_MSGSEND = YES;
				GCC_C_LANGUAGE_STANDARD = gnu11;
				GCC_NO_COMMON_BLOCKS = YES;
				GCC_WARN_64_TO_32_BIT_CONVERSION = YES;
				GCC_WARN_ABOUT_RETURN_TYPE = YES_ERROR;
				GCC_WARN_UNDECLARED_SELECTOR = YES;
				GCC_WARN_UNINITIALIZED_AUTOS = YES_AGGRESSIVE;
				GCC_WARN_UNUSED_FUNCTION = YES;
				GCC_WARN_UNUSED_VARIABLE = YES;
				IPHONEOS_DEPLOYMENT_TARGET = 15.0;
				MTL_ENABLE_DEBUG_INFO = NO;
				MTL_FAST_MATH = YES;
				SDKROOT = iphoneos;
				SWIFT_COMPILATION_MODE = wholemodule;
				SWIFT_OPTIMIZATION_LEVEL = "-O";
				VALIDATE_PRODUCT = YES;
			};
			name = Release;
		};
		AB4697F72739AC3500491A78 /* Debug */ = {
			isa = XCBuildConfiguration;
			buildSettings = {
				ASSETCATALOG_COMPILER_APPICON_NAME = AppIcon;
				ASSETCATALOG_COMPILER_GLOBAL_ACCENT_COLOR_NAME = AccentColor;
				CODE_SIGN_STYLE = Automatic;
				CURRENT_PROJECT_VERSION = 1;
				DEVELOPMENT_TEAM = K55575G49V;
				GENERATE_INFOPLIST_FILE = YES;
				INFOPLIST_FILE = HomeWork_2.4/Resources/Info.plist;
				INFOPLIST_KEY_UIApplicationSupportsIndirectInputEvents = YES;
				INFOPLIST_KEY_UILaunchStoryboardName = LaunchScreen;
				INFOPLIST_KEY_UIMainStoryboardFile = Main;
				INFOPLIST_KEY_UISupportedInterfaceOrientations_iPad = "UIInterfaceOrientationPortrait UIInterfaceOrientationPortraitUpsideDown UIInterfaceOrientationLandscapeLeft UIInterfaceOrientationLandscapeRight";
				INFOPLIST_KEY_UISupportedInterfaceOrientations_iPhone = "UIInterfaceOrientationPortrait UIInterfaceOrientationLandscapeLeft UIInterfaceOrientationLandscapeRight";
				LD_RUNPATH_SEARCH_PATHS = (
					"$(inherited)",
					"@executable_path/Frameworks",
				);
				MARKETING_VERSION = 1.0;
				PRODUCT_BUNDLE_IDENTIFIER = "kaznacheev-a-s.HomeWork-2-4";
				PRODUCT_NAME = "$(TARGET_NAME)";
				SWIFT_EMIT_LOC_STRINGS = YES;
				SWIFT_VERSION = 5.0;
				TARGETED_DEVICE_FAMILY = "1,2";
			};
			name = Debug;
		};
		AB4697F82739AC3500491A78 /* Release */ = {
			isa = XCBuildConfiguration;
			buildSettings = {
				ASSETCATALOG_COMPILER_APPICON_NAME = AppIcon;
				ASSETCATALOG_COMPILER_GLOBAL_ACCENT_COLOR_NAME = AccentColor;
				CODE_SIGN_STYLE = Automatic;
				CURRENT_PROJECT_VERSION = 1;
				DEVELOPMENT_TEAM = K55575G49V;
				GENERATE_INFOPLIST_FILE = YES;
				INFOPLIST_FILE = HomeWork_2.4/Resources/Info.plist;
				INFOPLIST_KEY_UIApplicationSupportsIndirectInputEvents = YES;
				INFOPLIST_KEY_UILaunchStoryboardName = LaunchScreen;
				INFOPLIST_KEY_UIMainStoryboardFile = Main;
				INFOPLIST_KEY_UISupportedInterfaceOrientations_iPad = "UIInterfaceOrientationPortrait UIInterfaceOrientationPortraitUpsideDown UIInterfaceOrientationLandscapeLeft UIInterfaceOrientationLandscapeRight";
				INFOPLIST_KEY_UISupportedInterfaceOrientations_iPhone = "UIInterfaceOrientationPortrait UIInterfaceOrientationLandscapeLeft UIInterfaceOrientationLandscapeRight";
				LD_RUNPATH_SEARCH_PATHS = (
					"$(inherited)",
					"@executable_path/Frameworks",
				);
				MARKETING_VERSION = 1.0;
				PRODUCT_BUNDLE_IDENTIFIER = "kaznacheev-a-s.HomeWork-2-4";
				PRODUCT_NAME = "$(TARGET_NAME)";
				SWIFT_EMIT_LOC_STRINGS = YES;
				SWIFT_VERSION = 5.0;
				TARGETED_DEVICE_FAMILY = "1,2";
			};
			name = Release;
		};
/* End XCBuildConfiguration section */

/* Begin XCConfigurationList section */
		AB4697DD2739AC3400491A78 /* Build configuration list for PBXProject "HomeWork_2.4" */ = {
			isa = XCConfigurationList;
			buildConfigurations = (
				AB4697F42739AC3500491A78 /* Debug */,
				AB4697F52739AC3500491A78 /* Release */,
			);
			defaultConfigurationIsVisible = 0;
			defaultConfigurationName = Release;
		};
		AB4697F62739AC3500491A78 /* Build configuration list for PBXNativeTarget "HomeWork_2.4" */ = {
			isa = XCConfigurationList;
			buildConfigurations = (
				AB4697F72739AC3500491A78 /* Debug */,
				AB4697F82739AC3500491A78 /* Release */,
			);
			defaultConfigurationIsVisible = 0;
			defaultConfigurationName = Release;
		};
/* End XCConfigurationList section */
	};
	rootObject = AB4697DA2739AC3400491A78 /* Project object */;
}
